
Microsoft Visual Studio Solution File, Format Version 12.00
# Visual Studio Version 17
VisualStudioVersion = 17.5.33530.505
MinimumVisualStudioVersion = 10.0.40219.1
Project("{FAE04EC0-301F-11D3-BF4B-00C04F79EFBC}") = "Items", "Items\Items.csproj", "{954B2152-F8DF-4B12-A652-644AE0FAAF2B}"
EndProject
Global
	GlobalSection(SolutionConfigurationPlatforms) = preSolution
		Debug|Any CPU = Debug|Any CPU
		Release|Any CPU = Release|Any CPU
	EndGlobalSection
	GlobalSection(ProjectConfigurationPlatforms) = postSolution
		{954B2152-F8DF-4B12-A652-644AE0FAAF2B}.Debug|Any CPU.ActiveCfg = Debug|Any CPU
		{954B2152-F8DF-4B12-A652-644AE0FAAF2B}.Debug|Any CPU.Build.0 = Debug|Any CPU
		{954B2152-F8DF-4B12-A652-644AE0FAAF2B}.Release|Any CPU.ActiveCfg = Release|Any CPU
		{954B2152-F8DF-4B12-A652-644AE0FAAF2B}.Release|Any CPU.Build.0 = Release|Any CPU
	EndGlobalSection
	GlobalSection(SolutionProperties) = preSolution
		HideSolutionNode = FALSE
	EndGlobalSection
	GlobalSection(ExtensibilityGlobals) = postSolution
		SolutionGuid = {4BC21A9A-C83C-40C4-86FB-8C9E10BC31ED}
	EndGlobalSection
EndGlobal
